github.com/fsnotify/fsnotify v1.9.0 h1:2Ml+OJNzbYCTzsxtv8vKSFD9PbJjmhYF14k/jKC7S9k=
github.com/fsnotify/fsnotify v1.9.0/go.mod h1:8jBTzvmWwFyi3Pb8djgCCO5IBqzKJ/Jwo8TRcHyHii0=
github.com/goplus/gogen v1.16.9 h1:BRNAsRzdyMcLBOLUe6+suVMmOe+D2HLfF7mAkS4/QW4=
github.com/goplus/gogen v1.16.9/go.mod h1:6TQYbabXDF9LCdDkOOzHmfg1R4ENfXQ3XpHa9RhTSD8=
github.com/goplus/llgo v0.10.1 h1:Cla7Rv6S67SnAknMm8nNvHhxFf9Fo/daHRcs3w3rS6s=
github.com/goplus/llgo v0.10.1/go.mod h1:YfOHsT/g3lc9b4GclLj812YzdSsJr0kd3CCB830TqHE=
github.com/goplus/mod v0.13.18 h1:dY6xn33wxPjPuFiumfIvgZ74S36OAeuWHZCGgn4IX9I=
github.com/goplus/mod v0.13.18/go.mod h1:mpilSwMmNYWnWjWyWfCFizpTWm18d3z1ATdAdLX1iGY=
github.com/qiniu/x v1.13.16 h1:+6n4ZLODC1jwksGh1dfLHgwsq57D1us20ExlviyI6z8=
github.com/qiniu/x v1.13.16/go.mod h1:AiovSOCaRijaf3fj+0CBOpR1457pn24b0Vdb1JpwhII=
golang.org/x/mod v0.20.0 h1:utOm6MM3R3dnawAiJgn0y+xvuYRsm1RKM/4giyfDgV0=
golang.org/x/mod v0.20.0/go.mod h1:hTbmBsO62+eylJbnUtE2MGJUyE7QWk4xUqPFrRgJ+7c=
golang.org/x/sync v0.6.0 h1:5BMeUDZ7vkXGfEr1x9B4bRcTH4lpkTkpdh0T/J+qjbQ=
golang.org/x/sys v0.21.0 h1:rF+pYz3DAGSQAxAu1CbC7catZg4ebC4UIeIhKxBZvws=
golang.org/x/sys v0.21.0/go.mod h1:/VUhepiaJMQUp4+oa/7Zr1D23ma6VTLIYjOOTFZPUcA=
golang.org/x/tools v0.19.0 h1:tfGCXNR1OsFG+sVdLAitlpjAvD/I6dHDKnYrpEZUHkw=
golang.org/x/tools v0.19.0/go.mod h1:qoJWxmGSIBmAeriMx19ogtrEPrGtDbPK634QFIcLAhc=
