github.com/fsnotify/fsnotify v1.8.0 h1:dAwr6QBTBZIkG8roQaJjGof0pp0EeF+tNV7YBP3F/8M=
github.com/fsnotify/fsnotify v1.8.0/go.mod h1:8jBTzvmWwFyi3Pb8djgCCO5IBqzKJ/Jwo8TRcHyHii0=
github.com/goplus/gogen v1.16.6 h1:Zwv18HoTbPDk8s2ajxgVeqZE5i4/GMV722KHl6GS8Yk=
github.com/goplus/gogen v1.16.6/go.mod h1:6TQYbabXDF9LCdDkOOzHmfg1R4ENfXQ3XpHa9RhTSD8=
github.com/goplus/llgo v0.9.9 h1:sCM8ehOtuAEY/NQbJ4xAMRZhxEdDgilouWZpoaLiYrM=
github.com/goplus/llgo v0.9.9/go.mod h1:udcq+s6tGOdhJq7I8fXPTv4qT2j17/KrlvtcJrMZAoM=
github.com/goplus/mod v0.13.17 h1:aWp14xosENrh7t0/0qcIejDmQEiTgI3ou2+KoLDlSlE=
github.com/goplus/mod v0.13.17/go.mod h1:XlHf8mnQ4QkRDX14Of2tpywuHDd+JVpPStvh3egog+0=
github.com/qiniu/x v1.13.12 h1:UyAwja6dgKUOYWZMzzc02wLodwnZ7wmK/0XzRd0e78g=
github.com/qiniu/x v1.13.12/go.mod h1:INZ2TSWSJVWO/RuELQROERcslBwVgFG7MkTfEdaQz9E=
golang.org/x/mod v0.23.0 h1:Zb7khfcRGKk+kqfxFaP5tZqCnDZMjC5VtUBs87Hr6QM=
golang.org/x/mod v0.23.0/go.mod h1:6SkKJ3Xj0I0BrPOZoBy3bdMptDDU9oJrpohJ3eWZ1fY=
golang.org/x/sync v0.11.0 h1:GGz8+XQP4FvTTrjZPzNKTMFtSXH80RAzG+5ghFPgK9w=
golang.org/x/sys v0.30.0 h1:QjkSwP/36a20jFYWkSue1YwXzLmsV5Gfq7Eiy72C1uc=
golang.org/x/sys v0.30.0/go.mod h1:/VUhepiaJMQUp4+oa/7Zr1D23ma6VTLIYjOOTFZPUcA=
golang.org/x/tools v0.30.0 h1:BgcpHewrV5AUp2G9MebG4XPFI1E2W41zU1SaqVA9vJY=
golang.org/x/tools v0.30.0/go.mod h1:c347cR/OJfw5TI+GfX7RUPNMdDRRbjvYTS0jPyvsVtY=
