github.com/xushiwei/markdown v0.1.0 h1:Vjw4MVcwSEJge9ObA/3C1lrmNYX60nJwuVKdLYrf0+o=
github.com/xushiwei/markdown v0.1.0/go.mod h1:6hyvHMBrprwcCYXaw71W9WwBX1st9r+Rfsj+cKXW3EE=
github.com/yuin/goldmark v1.7.8 h1:iERMLn0/QJeHFhxSt3p6PeN9mGnvIKSpG9YYorDMnic=
github.com/yuin/goldmark v1.7.8/go.mod h1:uzxRWxtg69N339t3louHJ7+O03ezfj6PlliRlaOzY1E=
